
Microsoft Visual Studio Solution File, Format Version 12.00
# Visual Studio Version 16
VisualStudioVersion = 16.0.31313.79
MinimumVisualStudioVersion = 10.0.40219.1
Project("{F184B08F-C81C-45F6-A57F-5ABD9991F28F}") = "ProyFinalAzul", "ProyFinalAzul.vbproj", "{1826AFAF-192F-45E7-AE0D-E84C6B6AECE4}"
EndProject
Global
	GlobalSection(SolutionConfigurationPlatforms) = preSolution
		Debug|Any CPU = Debug|Any CPU
		Release|Any CPU = Release|Any CPU
	EndGlobalSection
	GlobalSection(ProjectConfigurationPlatforms) = postSolution
		{1826AFAF-192F-45E7-AE0D-E84C6B6AECE4}.Debug|Any CPU.ActiveCfg = Debug|Any CPU
		{1826AFAF-192F-45E7-AE0D-E84C6B6AECE4}.Debug|Any CPU.Build.0 = Debug|Any CPU
		{1826AFAF-192F-45E7-AE0D-E84C6B6AECE4}.Release|Any CPU.ActiveCfg = Release|Any CPU
		{1826AFAF-192F-45E7-AE0D-E84C6B6AECE4}.Release|Any CPU.Build.0 = Release|Any CPU
	EndGlobalSection
	GlobalSection(SolutionProperties) = preSolution
		HideSolutionNode = FALSE
	EndGlobalSection
	GlobalSection(ExtensibilityGlobals) = postSolution
		SolutionGuid = {747DD1E0-0AC2-40D8-88FC-C17AC03B9B79}
	EndGlobalSection
EndGlobal
